
Microsoft Visual Studio Solution File, Format Version 12.00
# Visual Studio 2012
Project("{8BC9CEB8-8B4A-11D0-8D11-00A0C91BC942}") = "guerrillatactics", "game\guerrillatactics.vcxproj", "{04E9F93D-DBBF-458B-9837-199C8F3AEDAC}"
	ProjectSection(ProjectDependencies) = postProject
		{4C9BD0A0-2961-4F38-AE25-B535E7A7D9C1} = {4C9BD0A0-2961-4F38-AE25-B535E7A7D9C1}
		{C8AACEDE-841A-4637-9103-B8262C631440} = {C8AACEDE-841A-4637-9103-B8262C631440}
	EndProjectSection
EndProject
Project("{8BC9CEB8-8B4A-11D0-8D11-00A0C91BC942}") = "phantom", "phantom\phantom.vcxproj", "{17C2FD96-A0E7-4EB4-92CB-58E648267948}"
EndProject
Project("{8BC9CEB8-8B4A-11D0-8D11-00A0C91BC942}") = "dedicatedserver", "dedicatedserver\dedicatedserver.vcxproj", "{4C9BD0A0-2961-4F38-AE25-B535E7A7D9C1}"
	ProjectSection(ProjectDependencies) = postProject
		{C8AACEDE-841A-4637-9103-B8262C631440} = {C8AACEDE-841A-4637-9103-B8262C631440}
	EndProjectSection
EndProject
Project("{8BC9CEB8-8B4A-11D0-8D11-00A0C91BC942}") = "sharedlib", "sharedlib\sharedlib.vcxproj", "{C8AACEDE-841A-4637-9103-B8262C631440}"
	ProjectSection(ProjectDependencies) = postProject
		{17C2FD96-A0E7-4EB4-92CB-58E648267948} = {17C2FD96-A0E7-4EB4-92CB-58E648267948}
		{91FD27BB-0B85-4614-94F2-DDCFD0DF29ED} = {91FD27BB-0B85-4614-94F2-DDCFD0DF29ED}
	EndProjectSection
EndProject
Project("{8BC9CEB8-8B4A-11D0-8D11-00A0C91BC942}") = "yaxl", "libyaxl\yaxl.vcxproj", "{91FD27BB-0B85-4614-94F2-DDCFD0DF29ED}"
EndProject
Global
	GlobalSection(SolutionConfigurationPlatforms) = preSolution
		Debug|Any CPU = Debug|Any CPU
		Debug|Mixed Platforms = Debug|Mixed Platforms
		Debug|Win32 = Debug|Win32
		Release|Any CPU = Release|Any CPU
		Release|Mixed Platforms = Release|Mixed Platforms
		Release|Win32 = Release|Win32
	EndGlobalSection
	GlobalSection(ProjectConfigurationPlatforms) = postSolution
		{04E9F93D-DBBF-458B-9837-199C8F3AEDAC}.Debug|Any CPU.ActiveCfg = Debug|Win32
		{04E9F93D-DBBF-458B-9837-199C8F3AEDAC}.Debug|Mixed Platforms.ActiveCfg = Debug|Win32
		{04E9F93D-DBBF-458B-9837-199C8F3AEDAC}.Debug|Mixed Platforms.Build.0 = Debug|Win32
		{04E9F93D-DBBF-458B-9837-199C8F3AEDAC}.Debug|Win32.ActiveCfg = Debug|Win32
		{04E9F93D-DBBF-458B-9837-199C8F3AEDAC}.Debug|Win32.Build.0 = Debug|Win32
		{04E9F93D-DBBF-458B-9837-199C8F3AEDAC}.Release|Any CPU.ActiveCfg = Release|Win32
		{04E9F93D-DBBF-458B-9837-199C8F3AEDAC}.Release|Mixed Platforms.ActiveCfg = Release|Win32
		{04E9F93D-DBBF-458B-9837-199C8F3AEDAC}.Release|Mixed Platforms.Build.0 = Release|Win32
		{04E9F93D-DBBF-458B-9837-199C8F3AEDAC}.Release|Win32.ActiveCfg = Release|Win32
		{04E9F93D-DBBF-458B-9837-199C8F3AEDAC}.Release|Win32.Build.0 = Release|Win32
		{17C2FD96-A0E7-4EB4-92CB-58E648267948}.Debug|Any CPU.ActiveCfg = Debug|Win32
		{17C2FD96-A0E7-4EB4-92CB-58E648267948}.Debug|Mixed Platforms.ActiveCfg = Debug|Win32
		{17C2FD96-A0E7-4EB4-92CB-58E648267948}.Debug|Mixed Platforms.Build.0 = Debug|Win32
		{17C2FD96-A0E7-4EB4-92CB-58E648267948}.Debug|Win32.ActiveCfg = Debug|Win32
		{17C2FD96-A0E7-4EB4-92CB-58E648267948}.Debug|Win32.Build.0 = Debug|Win32
		{17C2FD96-A0E7-4EB4-92CB-58E648267948}.Release|Any CPU.ActiveCfg = Release|Win32
		{17C2FD96-A0E7-4EB4-92CB-58E648267948}.Release|Mixed Platforms.ActiveCfg = Release|Win32
		{17C2FD96-A0E7-4EB4-92CB-58E648267948}.Release|Mixed Platforms.Build.0 = Release|Win32
		{17C2FD96-A0E7-4EB4-92CB-58E648267948}.Release|Win32.ActiveCfg = Release|Win32
		{17C2FD96-A0E7-4EB4-92CB-58E648267948}.Release|Win32.Build.0 = Release|Win32
		{4C9BD0A0-2961-4F38-AE25-B535E7A7D9C1}.Debug|Any CPU.ActiveCfg = Debug|Win32
		{4C9BD0A0-2961-4F38-AE25-B535E7A7D9C1}.Debug|Mixed Platforms.ActiveCfg = Debug|Win32
		{4C9BD0A0-2961-4F38-AE25-B535E7A7D9C1}.Debug|Mixed Platforms.Build.0 = Debug|Win32
		{4C9BD0A0-2961-4F38-AE25-B535E7A7D9C1}.Debug|Win32.ActiveCfg = Debug|Win32
		{4C9BD0A0-2961-4F38-AE25-B535E7A7D9C1}.Debug|Win32.Build.0 = Debug|Win32
		{4C9BD0A0-2961-4F38-AE25-B535E7A7D9C1}.Release|Any CPU.ActiveCfg = Release|Win32
		{4C9BD0A0-2961-4F38-AE25-B535E7A7D9C1}.Release|Mixed Platforms.ActiveCfg = Release|Win32
		{4C9BD0A0-2961-4F38-AE25-B535E7A7D9C1}.Release|Mixed Platforms.Build.0 = Release|Win32
		{4C9BD0A0-2961-4F38-AE25-B535E7A7D9C1}.Release|Win32.ActiveCfg = Release|Win32
		{4C9BD0A0-2961-4F38-AE25-B535E7A7D9C1}.Release|Win32.Build.0 = Release|Win32
		{C8AACEDE-841A-4637-9103-B8262C631440}.Debug|Any CPU.ActiveCfg = Debug|Win32
		{C8AACEDE-841A-4637-9103-B8262C631440}.Debug|Mixed Platforms.ActiveCfg = Debug|Win32
		{C8AACEDE-841A-4637-9103-B8262C631440}.Debug|Mixed Platforms.Build.0 = Debug|Win32
		{C8AACEDE-841A-4637-9103-B8262C631440}.Debug|Win32.ActiveCfg = Debug|Win32
		{C8AACEDE-841A-4637-9103-B8262C631440}.Debug|Win32.Build.0 = Debug|Win32
		{C8AACEDE-841A-4637-9103-B8262C631440}.Release|Any CPU.ActiveCfg = Release|Win32
		{C8AACEDE-841A-4637-9103-B8262C631440}.Release|Mixed Platforms.ActiveCfg = Release|Win32
		{C8AACEDE-841A-4637-9103-B8262C631440}.Release|Mixed Platforms.Build.0 = Release|Win32
		{C8AACEDE-841A-4637-9103-B8262C631440}.Release|Win32.ActiveCfg = Release|Win32
		{C8AACEDE-841A-4637-9103-B8262C631440}.Release|Win32.Build.0 = Release|Win32
		{91FD27BB-0B85-4614-94F2-DDCFD0DF29ED}.Debug|Any CPU.ActiveCfg = Debug|Win32
		{91FD27BB-0B85-4614-94F2-DDCFD0DF29ED}.Debug|Mixed Platforms.ActiveCfg = Debug|Win32
		{91FD27BB-0B85-4614-94F2-DDCFD0DF29ED}.Debug|Mixed Platforms.Build.0 = Debug|Win32
		{91FD27BB-0B85-4614-94F2-DDCFD0DF29ED}.Debug|Win32.ActiveCfg = Debug|Win32
		{91FD27BB-0B85-4614-94F2-DDCFD0DF29ED}.Debug|Win32.Build.0 = Debug|Win32
		{91FD27BB-0B85-4614-94F2-DDCFD0DF29ED}.Release|Any CPU.ActiveCfg = Release|Win32
		{91FD27BB-0B85-4614-94F2-DDCFD0DF29ED}.Release|Mixed Platforms.ActiveCfg = Release|Win32
		{91FD27BB-0B85-4614-94F2-DDCFD0DF29ED}.Release|Mixed Platforms.Build.0 = Release|Win32
		{91FD27BB-0B85-4614-94F2-DDCFD0DF29ED}.Release|Win32.ActiveCfg = Release|Win32
		{91FD27BB-0B85-4614-94F2-DDCFD0DF29ED}.Release|Win32.Build.0 = Release|Win32
	EndGlobalSection
	GlobalSection(SolutionProperties) = preSolution
		HideSolutionNode = FALSE
	EndGlobalSection
EndGlobal
